
Microsoft Visual Studio Solution File, Format Version 12.00
# Visual Studio Version 16
VisualStudioVersion = 16.0.34031.81
MinimumVisualStudioVersion = 10.0.40219.1
Project("{2150E333-8FDC-42A3-9474-1A3956D46DE8}") = "Task0", "Task0", "{86C0CCC9-64DD-47A9-8ADB-7521937C3677}"
EndProject
Project("{FAE04EC0-301F-11D3-BF4B-00C04F79EFBC}") = "Tyuiu.SolievAH.Sprint4.Task0.V17", "Tyuiu.SolievAH.Sprint4.Task0.V17\Tyuiu.SolievAH.Sprint4.Task0.V17.csproj", "{502B23B8-BFDF-448E-95A6-0663C98223BC}"
EndProject
Project("{FAE04EC0-301F-11D3-BF4B-00C04F79EFBC}") = "Tyuiu.SolievAH.Sprint4.Task0.V17.Test", "Tyuiu.SolievAH.Sprint4.Task0.V17.Test\Tyuiu.SolievAH.Sprint4.Task0.V17.Test.csproj", "{A566AE89-8028-484B-BF63-E6DE743EB893}"
EndProject
Project("{FAE04EC0-301F-11D3-BF4B-00C04F79EFBC}") = "Tyuiu.SolievAH.Sprint4.Task0.V17.Lib", "Tyuiu.SolievAH.Sprint4.Task0.V17.Lib\Tyuiu.SolievAH.Sprint4.Task0.V17.Lib.csproj", "{9AC2F90C-4DDF-4635-B318-EAA4C74A7D2C}"
EndProject
Project("{2150E333-8FDC-42A3-9474-1A3956D46DE8}") = "Task1", "Task1", "{B01EE8B3-9FCE-4336-A146-69666BAF9BDD}"
EndProject
Project("{FAE04EC0-301F-11D3-BF4B-00C04F79EFBC}") = "Tyuiu.SolievAH.Sprint4.Task1.V8", "Tyuiu.SolievAH.Sprint4.Task1.V8\Tyuiu.SolievAH.Sprint4.Task1.V8.csproj", "{253DDF16-DE2F-4C36-8FB8-6698E00FE660}"
EndProject
Project("{FAE04EC0-301F-11D3-BF4B-00C04F79EFBC}") = "Tyuiu.SolievAH.Sprint4.Task1.V8.Lib", "Tyuiu.SolievAH.Sprint4.Task1.V8.Lib\Tyuiu.SolievAH.Sprint4.Task1.V8.Lib.csproj", "{30D3E6EE-8B8D-447C-8F97-3AE7720ECAD6}"
EndProject
Project("{FAE04EC0-301F-11D3-BF4B-00C04F79EFBC}") = "Tyuiu.SolievAH.Sprint4.Task1.V8.Test", "Tyuiu.SolievAH.Sprint4.Task1.V8.Test\Tyuiu.SolievAH.Sprint4.Task1.V8.Test.csproj", "{B69F9FCC-B46C-4818-B464-8258646F6A50}"
EndProject
Project("{2150E333-8FDC-42A3-9474-1A3956D46DE8}") = "Task2", "Task2", "{19C89C93-7085-4867-A141-102AAA19E4BF}"
EndProject
Project("{FAE04EC0-301F-11D3-BF4B-00C04F79EFBC}") = "Tyuiu.SolievAH.Sprint4.Task2.V2", "Tyuiu.SolievAH.Sprint4.Task2.V2\Tyuiu.SolievAH.Sprint4.Task2.V2.csproj", "{1450B679-822D-4A09-AE2E-DA100BA2FEB0}"
EndProject
Project("{FAE04EC0-301F-11D3-BF4B-00C04F79EFBC}") = "Tyuiu.SolievAH.Sprint4.Task2.V2.Test", "Tyuiu.SolievAH.Sprint4.Task2.V2.Test\Tyuiu.SolievAH.Sprint4.Task2.V2.Test.csproj", "{2DC1038C-B234-4B0D-AF27-FDD6415A228A}"
EndProject
Project("{FAE04EC0-301F-11D3-BF4B-00C04F79EFBC}") = "Tyuiu.SolievAH.Sprint4.Task2.V2.Lib", "Tyuiu.SolievAH.Sprint4.Task2.V2.Lib\Tyuiu.SolievAH.Sprint4.Task2.V2.Lib.csproj", "{AC245690-EB33-4A51-A9AF-8227BCF35C05}"
EndProject
Project("{2150E333-8FDC-42A3-9474-1A3956D46DE8}") = "Task3", "Task3", "{687CB00C-FD73-4554-8953-B8966C5EB756}"
EndProject
Project("{FAE04EC0-301F-11D3-BF4B-00C04F79EFBC}") = "Tyuiu.SolievAH.Sprint4.Task3.V6", "Tyuiu.SolievAH.Sprint4.Task3.V6\Tyuiu.SolievAH.Sprint4.Task3.V6.csproj", "{8A81F0C8-7020-48EA-BFFB-8B2460B6EA49}"
EndProject
Project("{FAE04EC0-301F-11D3-BF4B-00C04F79EFBC}") = "Tyuiu.SolievAH.Sprint4.Task3.V6.Lib", "Tyuiu.SolievAH.Sprint4.Task3.V6.Lib\Tyuiu.SolievAH.Sprint4.Task3.V6.Lib.csproj", "{3E7C9839-6345-4743-A26D-E7AA0EC15C31}"
EndProject
Project("{FAE04EC0-301F-11D3-BF4B-00C04F79EFBC}") = "Tyuiu.SolievAH.Sprint4.Task3.V6.Test", "Tyuiu.SolievAH.Sprint4.Task3.V6.Test\Tyuiu.SolievAH.Sprint4.Task3.V6.Test.csproj", "{2F08F6CE-1BA3-4535-8C8F-FDC82035B1A2}"
EndProject
Project("{2150E333-8FDC-42A3-9474-1A3956D46DE8}") = "Task4", "Task4", "{DE68A4BA-C328-42A3-8499-0D0F095F20B3}"
EndProject
Project("{2150E333-8FDC-42A3-9474-1A3956D46DE8}") = "Task5", "Task5", "{1DA8413C-E9E2-4095-8976-138DCAD8FAB4}"
EndProject
Project("{2150E333-8FDC-42A3-9474-1A3956D46DE8}") = "Task6", "Task6", "{26252BF6-9FAB-40FC-9A6D-78AFDE3F5344}"
EndProject
Project("{FAE04EC0-301F-11D3-BF4B-00C04F79EFBC}") = "Tyuiu.SolievAH.Sprint4.Task4.V29", "Tyuiu.SolievAH.Sprint4.Task4.V29\Tyuiu.SolievAH.Sprint4.Task4.V29.csproj", "{EF9A0ADB-3870-4B76-970B-B0D961AE47D1}"
EndProject
Project("{FAE04EC0-301F-11D3-BF4B-00C04F79EFBC}") = "Tyuiu.SolievAH.Sprint4.Task4.V29.Test", "Tyuiu.SolievAH.Sprint4.Task4.V29.Test\Tyuiu.SolievAH.Sprint4.Task4.V29.Test.csproj", "{59F9D0B2-D20C-483B-A027-7F964AEAB205}"
EndProject
Project("{FAE04EC0-301F-11D3-BF4B-00C04F79EFBC}") = "Tyuiu.SolievAH.Sprint4.Task4.V29.Lib", "Tyuiu.SolievAH.Sprint4.Task4.V29.Lib\Tyuiu.SolievAH.Sprint4.Task4.V29.Lib.csproj", "{30EA83DE-86F1-49AE-8382-DDFD7E620640}"
EndProject
Project("{FAE04EC0-301F-11D3-BF4B-00C04F79EFBC}") = "Tyuiu.SolievAH.Sprint4.Task5.V28", "Tyuiu.SolievAH.Sprint4.Task5.V28\Tyuiu.SolievAH.Sprint4.Task5.V28.csproj", "{DF807A41-4F83-42AB-9F2C-70DD834BFF3B}"
EndProject
Project("{FAE04EC0-301F-11D3-BF4B-00C04F79EFBC}") = "Tyuiu.SolievAH.Sprint4.Task5.V28.Lib", "Tyuiu.SolievAH.Sprint4.Task5.V28.Lib\Tyuiu.SolievAH.Sprint4.Task5.V28.Lib.csproj", "{3C0B927B-B554-405A-B69D-2388731A6EAC}"
EndProject
Project("{FAE04EC0-301F-11D3-BF4B-00C04F79EFBC}") = "Tyuiu.SolievAH.Sprint4.Task5.V28.Test", "Tyuiu.SolievAH.Sprint4.Task5.V28.Test\Tyuiu.SolievAH.Sprint4.Task5.V28.Test.csproj", "{0BE2A17D-1DB6-493F-B451-D17731BDC1C6}"
EndProject
Global
	GlobalSection(SolutionConfigurationPlatforms) = preSolution
		Debug|Any CPU = Debug|Any CPU
		Release|Any CPU = Release|Any CPU
	EndGlobalSection
	GlobalSection(ProjectConfigurationPlatforms) = postSolution
		{502B23B8-BFDF-448E-95A6-0663C98223BC}.Debug|Any CPU.ActiveCfg = Debug|Any CPU
		{502B23B8-BFDF-448E-95A6-0663C98223BC}.Debug|Any CPU.Build.0 = Debug|Any CPU
		{502B23B8-BFDF-448E-95A6-0663C98223BC}.Release|Any CPU.ActiveCfg = Release|Any CPU
		{502B23B8-BFDF-448E-95A6-0663C98223BC}.Release|Any CPU.Build.0 = Release|Any CPU
		{A566AE89-8028-484B-BF63-E6DE743EB893}.Debug|Any CPU.ActiveCfg = Debug|Any CPU
		{A566AE89-8028-484B-BF63-E6DE743EB893}.Debug|Any CPU.Build.0 = Debug|Any CPU
		{A566AE89-8028-484B-BF63-E6DE743EB893}.Release|Any CPU.ActiveCfg = Release|Any CPU
		{A566AE89-8028-484B-BF63-E6DE743EB893}.Release|Any CPU.Build.0 = Release|Any CPU
		{9AC2F90C-4DDF-4635-B318-EAA4C74A7D2C}.Debug|Any CPU.ActiveCfg = Debug|Any CPU
		{9AC2F90C-4DDF-4635-B318-EAA4C74A7D2C}.Debug|Any CPU.Build.0 = Debug|Any CPU
		{9AC2F90C-4DDF-4635-B318-EAA4C74A7D2C}.Release|Any CPU.ActiveCfg = Release|Any CPU
		{9AC2F90C-4DDF-4635-B318-EAA4C74A7D2C}.Release|Any CPU.Build.0 = Release|Any CPU
		{253DDF16-DE2F-4C36-8FB8-6698E00FE660}.Debug|Any CPU.ActiveCfg = Debug|Any CPU
		{253DDF16-DE2F-4C36-8FB8-6698E00FE660}.Debug|Any CPU.Build.0 = Debug|Any CPU
		{253DDF16-DE2F-4C36-8FB8-6698E00FE660}.Release|Any CPU.ActiveCfg = Release|Any CPU
		{253DDF16-DE2F-4C36-8FB8-6698E00FE660}.Release|Any CPU.Build.0 = Release|Any CPU
		{30D3E6EE-8B8D-447C-8F97-3AE7720ECAD6}.Debug|Any CPU.ActiveCfg = Debug|Any CPU
		{30D3E6EE-8B8D-447C-8F97-3AE7720ECAD6}.Debug|Any CPU.Build.0 = Debug|Any CPU
		{30D3E6EE-8B8D-447C-8F97-3AE7720ECAD6}.Release|Any CPU.ActiveCfg = Release|Any CPU
		{30D3E6EE-8B8D-447C-8F97-3AE7720ECAD6}.Release|Any CPU.Build.0 = Release|Any CPU
		{B69F9FCC-B46C-4818-B464-8258646F6A50}.Debug|Any CPU.ActiveCfg = Debug|Any CPU
		{B69F9FCC-B46C-4818-B464-8258646F6A50}.Debug|Any CPU.Build.0 = Debug|Any CPU
		{B69F9FCC-B46C-4818-B464-8258646F6A50}.Release|Any CPU.ActiveCfg = Release|Any CPU
		{B69F9FCC-B46C-4818-B464-8258646F6A50}.Release|Any CPU.Build.0 = Release|Any CPU
		{1450B679-822D-4A09-AE2E-DA100BA2FEB0}.Debug|Any CPU.ActiveCfg = Debug|Any CPU
		{1450B679-822D-4A09-AE2E-DA100BA2FEB0}.Debug|Any CPU.Build.0 = Debug|Any CPU
		{1450B679-822D-4A09-AE2E-DA100BA2FEB0}.Release|Any CPU.ActiveCfg = Release|Any CPU
		{1450B679-822D-4A09-AE2E-DA100BA2FEB0}.Release|Any CPU.Build.0 = Release|Any CPU
		{2DC1038C-B234-4B0D-AF27-FDD6415A228A}.Debug|Any CPU.ActiveCfg = Debug|Any CPU
		{2DC1038C-B234-4B0D-AF27-FDD6415A228A}.Debug|Any CPU.Build.0 = Debug|Any CPU
		{2DC1038C-B234-4B0D-AF27-FDD6415A228A}.Release|Any CPU.ActiveCfg = Release|Any CPU
		{2DC1038C-B234-4B0D-AF27-FDD6415A228A}.Release|Any CPU.Build.0 = Release|Any CPU
		{AC245690-EB33-4A51-A9AF-8227BCF35C05}.Debug|Any CPU.ActiveCfg = Debug|Any CPU
		{AC245690-EB33-4A51-A9AF-8227BCF35C05}.Debug|Any CPU.Build.0 = Debug|Any CPU
		{AC245690-EB33-4A51-A9AF-8227BCF35C05}.Release|Any CPU.ActiveCfg = Release|Any CPU
		{AC245690-EB33-4A51-A9AF-8227BCF35C05}.Release|Any CPU.Build.0 = Release|Any CPU
		{8A81F0C8-7020-48EA-BFFB-8B2460B6EA49}.Debug|Any CPU.ActiveCfg = Debug|Any CPU
		{8A81F0C8-7020-48EA-BFFB-8B2460B6EA49}.Debug|Any CPU.Build.0 = Debug|Any CPU
		{8A81F0C8-7020-48EA-BFFB-8B2460B6EA49}.Release|Any CPU.ActiveCfg = Release|Any CPU
		{8A81F0C8-7020-48EA-BFFB-8B2460B6EA49}.Release|Any CPU.Build.0 = Release|Any CPU
		{3E7C9839-6345-4743-A26D-E7AA0EC15C31}.Debug|Any CPU.ActiveCfg = Debug|Any CPU
		{3E7C9839-6345-4743-A26D-E7AA0EC15C31}.Debug|Any CPU.Build.0 = Debug|Any CPU
		{3E7C9839-6345-4743-A26D-E7AA0EC15C31}.Release|Any CPU.ActiveCfg = Release|Any CPU
		{3E7C9839-6345-4743-A26D-E7AA0EC15C31}.Release|Any CPU.Build.0 = Release|Any CPU
		{2F08F6CE-1BA3-4535-8C8F-FDC82035B1A2}.Debug|Any CPU.ActiveCfg = Debug|Any CPU
		{2F08F6CE-1BA3-4535-8C8F-FDC82035B1A2}.Debug|Any CPU.Build.0 = Debug|Any CPU
		{2F08F6CE-1BA3-4535-8C8F-FDC82035B1A2}.Release|Any CPU.ActiveCfg = Release|Any CPU
		{2F08F6CE-1BA3-4535-8C8F-FDC82035B1A2}.Release|Any CPU.Build.0 = Release|Any CPU
		{EF9A0ADB-3870-4B76-970B-B0D961AE47D1}.Debug|Any CPU.ActiveCfg = Debug|Any CPU
		{EF9A0ADB-3870-4B76-970B-B0D961AE47D1}.Debug|Any CPU.Build.0 = Debug|Any CPU
		{EF9A0ADB-3870-4B76-970B-B0D961AE47D1}.Release|Any CPU.ActiveCfg = Release|Any CPU
		{EF9A0ADB-3870-4B76-970B-B0D961AE47D1}.Release|Any CPU.Build.0 = Release|Any CPU
		{59F9D0B2-D20C-483B-A027-7F964AEAB205}.Debug|Any CPU.ActiveCfg = Debug|Any CPU
		{59F9D0B2-D20C-483B-A027-7F964AEAB205}.Debug|Any CPU.Build.0 = Debug|Any CPU
		{59F9D0B2-D20C-483B-A027-7F964AEAB205}.Release|Any CPU.ActiveCfg = Release|Any CPU
		{59F9D0B2-D20C-483B-A027-7F964AEAB205}.Release|Any CPU.Build.0 = Release|Any CPU
		{30EA83DE-86F1-49AE-8382-DDFD7E620640}.Debug|Any CPU.ActiveCfg = Debug|Any CPU
		{30EA83DE-86F1-49AE-8382-DDFD7E620640}.Debug|Any CPU.Build.0 = Debug|Any CPU
		{30EA83DE-86F1-49AE-8382-DDFD7E620640}.Release|Any CPU.ActiveCfg = Release|Any CPU
		{30EA83DE-86F1-49AE-8382-DDFD7E620640}.Release|Any CPU.Build.0 = Release|Any CPU
		{DF807A41-4F83-42AB-9F2C-70DD834BFF3B}.Debug|Any CPU.ActiveCfg = Debug|Any CPU
		{DF807A41-4F83-42AB-9F2C-70DD834BFF3B}.Debug|Any CPU.Build.0 = Debug|Any CPU
		{DF807A41-4F83-42AB-9F2C-70DD834BFF3B}.Release|Any CPU.ActiveCfg = Release|Any CPU
		{DF807A41-4F83-42AB-9F2C-70DD834BFF3B}.Release|Any CPU.Build.0 = Release|Any CPU
		{3C0B927B-B554-405A-B69D-2388731A6EAC}.Debug|Any CPU.ActiveCfg = Debug|Any CPU
		{3C0B927B-B554-405A-B69D-2388731A6EAC}.Debug|Any CPU.Build.0 = Debug|Any CPU
		{3C0B927B-B554-405A-B69D-2388731A6EAC}.Release|Any CPU.ActiveCfg = Release|Any CPU
		{3C0B927B-B554-405A-B69D-2388731A6EAC}.Release|Any CPU.Build.0 = Release|Any CPU
		{0BE2A17D-1DB6-493F-B451-D17731BDC1C6}.Debug|Any CPU.ActiveCfg = Debug|Any CPU
		{0BE2A17D-1DB6-493F-B451-D17731BDC1C6}.Debug|Any CPU.Build.0 = Debug|Any CPU
		{0BE2A17D-1DB6-493F-B451-D17731BDC1C6}.Release|Any CPU.ActiveCfg = Release|Any CPU
		{0BE2A17D-1DB6-493F-B451-D17731BDC1C6}.Release|Any CPU.Build.0 = Release|Any CPU
	EndGlobalSection
	GlobalSection(SolutionProperties) = preSolution
		HideSolutionNode = FALSE
	EndGlobalSection
	GlobalSection(NestedProjects) = preSolution
		{502B23B8-BFDF-448E-95A6-0663C98223BC} = {86C0CCC9-64DD-47A9-8ADB-7521937C3677}
		{A566AE89-8028-484B-BF63-E6DE743EB893} = {86C0CCC9-64DD-47A9-8ADB-7521937C3677}
		{9AC2F90C-4DDF-4635-B318-EAA4C74A7D2C} = {86C0CCC9-64DD-47A9-8ADB-7521937C3677}
		{253DDF16-DE2F-4C36-8FB8-6698E00FE660} = {B01EE8B3-9FCE-4336-A146-69666BAF9BDD}
		{30D3E6EE-8B8D-447C-8F97-3AE7720ECAD6} = {B01EE8B3-9FCE-4336-A146-69666BAF9BDD}
		{B69F9FCC-B46C-4818-B464-8258646F6A50} = {B01EE8B3-9FCE-4336-A146-69666BAF9BDD}
		{1450B679-822D-4A09-AE2E-DA100BA2FEB0} = {19C89C93-7085-4867-A141-102AAA19E4BF}
		{2DC1038C-B234-4B0D-AF27-FDD6415A228A} = {19C89C93-7085-4867-A141-102AAA19E4BF}
		{AC245690-EB33-4A51-A9AF-8227BCF35C05} = {19C89C93-7085-4867-A141-102AAA19E4BF}
		{8A81F0C8-7020-48EA-BFFB-8B2460B6EA49} = {687CB00C-FD73-4554-8953-B8966C5EB756}
		{3E7C9839-6345-4743-A26D-E7AA0EC15C31} = {687CB00C-FD73-4554-8953-B8966C5EB756}
		{2F08F6CE-1BA3-4535-8C8F-FDC82035B1A2} = {687CB00C-FD73-4554-8953-B8966C5EB756}
		{EF9A0ADB-3870-4B76-970B-B0D961AE47D1} = {DE68A4BA-C328-42A3-8499-0D0F095F20B3}
		{59F9D0B2-D20C-483B-A027-7F964AEAB205} = {DE68A4BA-C328-42A3-8499-0D0F095F20B3}
		{30EA83DE-86F1-49AE-8382-DDFD7E620640} = {DE68A4BA-C328-42A3-8499-0D0F095F20B3}
		{DF807A41-4F83-42AB-9F2C-70DD834BFF3B} = {1DA8413C-E9E2-4095-8976-138DCAD8FAB4}
		{3C0B927B-B554-405A-B69D-2388731A6EAC} = {1DA8413C-E9E2-4095-8976-138DCAD8FAB4}
		{0BE2A17D-1DB6-493F-B451-D17731BDC1C6} = {1DA8413C-E9E2-4095-8976-138DCAD8FAB4}
	EndGlobalSection
	GlobalSection(ExtensibilityGlobals) = postSolution
		SolutionGuid = {FE6365E8-9D21-4F2E-9375-BB8147D169EC}
	EndGlobalSection
EndGlobal
